
Microsoft Visual Studio Solution File, Format Version 12.00
# Visual Studio 15
VisualStudioVersion = 15.0.28307.1758
MinimumVisualStudioVersion = 10.0.40219.1
Project("{FAE04EC0-301F-11D3-BF4B-00C04F79EFBC}") = "PressBox", "PressBox\PressBox.csproj", "{1A3889DE-C3D1-4508-A302-CFD0ED721C7F}"
EndProject
Project("{FAE04EC0-301F-11D3-BF4B-00C04F79EFBC}") = "PressBox.Domain", "PressBox.Domain\PressBox.Domain.csproj", "{B672DBDC-01B5-483A-943A-A02740E62F3A}"
EndProject
Project("{FAE04EC0-301F-11D3-BF4B-00C04F79EFBC}") = "PressBox.Services", "PressBox.Services\PressBox.Services.csproj", "{3CD129DF-2B6D-4BC2-8597-3D6BFB2F3B9E}"
EndProject
Global
	GlobalSection(SolutionConfigurationPlatforms) = preSolution
		Debug|Any CPU = Debug|Any CPU
		Release|Any CPU = Release|Any CPU
	EndGlobalSection
	GlobalSection(ProjectConfigurationPlatforms) = postSolution
		{1A3889DE-C3D1-4508-A302-CFD0ED721C7F}.Debug|Any CPU.ActiveCfg = Debug|Any CPU
		{1A3889DE-C3D1-4508-A302-CFD0ED721C7F}.Debug|Any CPU.Build.0 = Debug|Any CPU
		{1A3889DE-C3D1-4508-A302-CFD0ED721C7F}.Release|Any CPU.ActiveCfg = Release|Any CPU
		{1A3889DE-C3D1-4508-A302-CFD0ED721C7F}.Release|Any CPU.Build.0 = Release|Any CPU
		{B672DBDC-01B5-483A-943A-A02740E62F3A}.Debug|Any CPU.ActiveCfg = Debug|Any CPU
		{B672DBDC-01B5-483A-943A-A02740E62F3A}.Debug|Any CPU.Build.0 = Debug|Any CPU
		{B672DBDC-01B5-483A-943A-A02740E62F3A}.Release|Any CPU.ActiveCfg = Release|Any CPU
		{B672DBDC-01B5-483A-943A-A02740E62F3A}.Release|Any CPU.Build.0 = Release|Any CPU
		{3CD129DF-2B6D-4BC2-8597-3D6BFB2F3B9E}.Debug|Any CPU.ActiveCfg = Debug|Any CPU
		{3CD129DF-2B6D-4BC2-8597-3D6BFB2F3B9E}.Debug|Any CPU.Build.0 = Debug|Any CPU
		{3CD129DF-2B6D-4BC2-8597-3D6BFB2F3B9E}.Release|Any CPU.ActiveCfg = Release|Any CPU
		{3CD129DF-2B6D-4BC2-8597-3D6BFB2F3B9E}.Release|Any CPU.Build.0 = Release|Any CPU
	EndGlobalSection
	GlobalSection(SolutionProperties) = preSolution
		HideSolutionNode = FALSE
	EndGlobalSection
	GlobalSection(ExtensibilityGlobals) = postSolution
		SolutionGuid = {60D0DB50-AC48-4481-8268-5DAFFD5B1416}
	EndGlobalSection
EndGlobal
